
Microsoft Visual Studio Solution File, Format Version 12.00
# Visual Studio Version 17
VisualStudioVersion = 17.6.33829.357
MinimumVisualStudioVersion = 10.0.40219.1
Project("{FAE04EC0-301F-11D3-BF4B-00C04F79EFBC}") = "PracticaCore", "PracticaCore\PracticaCore.csproj", "{0014A0BA-D199-4A48-8229-C6391770822E}"
EndProject
Global
	GlobalSection(SolutionConfigurationPlatforms) = preSolution
		Debug|Any CPU = Debug|Any CPU
		Release|Any CPU = Release|Any CPU
	EndGlobalSection
	GlobalSection(ProjectConfigurationPlatforms) = postSolution
		{0014A0BA-D199-4A48-8229-C6391770822E}.Debug|Any CPU.ActiveCfg = Debug|Any CPU
		{0014A0BA-D199-4A48-8229-C6391770822E}.Debug|Any CPU.Build.0 = Debug|Any CPU
		{0014A0BA-D199-4A48-8229-C6391770822E}.Release|Any CPU.ActiveCfg = Release|Any CPU
		{0014A0BA-D199-4A48-8229-C6391770822E}.Release|Any CPU.Build.0 = Release|Any CPU
	EndGlobalSection
	GlobalSection(SolutionProperties) = preSolution
		HideSolutionNode = FALSE
	EndGlobalSection
	GlobalSection(ExtensibilityGlobals) = postSolution
		SolutionGuid = {D2F69628-1A07-45AC-978A-F1FB2FC57B53}
	EndGlobalSection
EndGlobal
